// !$*UTF8*$!
{
	archiveVersion = 1;
	classes = {
	};
	objectVersion = 55;
	objects = {

/* Begin PBXBuildFile section */
		6712E4172838AF8C00E543B2 /* CurrentWeatherView.swift in Sources */ = {isa = PBXBuildFile; fileRef = 6712E4162838AF8C00E543B2 /* CurrentWeatherView.swift */; };
		6712E4192838AFF700E543B2 /* FivedaysWeatherView.swift in Sources */ = {isa = PBXBuildFile; fileRef = 6712E4182838AFF700E543B2 /* FivedaysWeatherView.swift */; };
		6712E41B2838B55900E543B2 /* LoadingView.swift in Sources */ = {isa = PBXBuildFile; fileRef = 6712E41A2838B55900E543B2 /* LoadingView.swift */; };
		6746B1A6282170EA00E64070 /* WeatherClosetApp.swift in Sources */ = {isa = PBXBuildFile; fileRef = 6746B1A5282170EA00E64070 /* WeatherClosetApp.swift */; };
		6746B1A8282170EA00E64070 /* ContentView.swift in Sources */ = {isa = PBXBuildFile; fileRef = 6746B1A7282170EA00E64070 /* ContentView.swift */; };
		6746B1AA282170EB00E64070 /* Assets.xcassets in Resources */ = {isa = PBXBuildFile; fileRef = 6746B1A9282170EB00E64070 /* Assets.xcassets */; };
		6746B1AD282170EB00E64070 /* Preview Assets.xcassets in Resources */ = {isa = PBXBuildFile; fileRef = 6746B1AC282170EB00E64070 /* Preview Assets.xcassets */; };
		67673E0028377A5B002CCF5F /* Model.swift in Sources */ = {isa = PBXBuildFile; fileRef = 67673DFF28377A5B002CCF5F /* Model.swift */; };
		67673E02283895AF002CCF5F /* Network.swift in Sources */ = {isa = PBXBuildFile; fileRef = 67673E01283895AF002CCF5F /* Network.swift */; };
/* End PBXBuildFile section */

/* Begin PBXFileReference section */
		6712E4162838AF8C00E543B2 /* CurrentWeatherView.swift */ = {isa = PBXFileReference; lastKnownFileType = sourcecode.swift; path = CurrentWeatherView.swift; sourceTree = "<group>"; };
		6712E4182838AFF700E543B2 /* FivedaysWeatherView.swift */ = {isa = PBXFileReference; lastKnownFileType = sourcecode.swift; path = FivedaysWeatherView.swift; sourceTree = "<group>"; };
		6712E41A2838B55900E543B2 /* LoadingView.swift */ = {isa = PBXFileReference; lastKnownFileType = sourcecode.swift; path = LoadingView.swift; sourceTree = "<group>"; };
		6746B1A2282170EA00E64070 /* WeatherCloset.app */ = {isa = PBXFileReference; explicitFileType = wrapper.application; includeInIndex = 0; path = WeatherCloset.app; sourceTree = BUILT_PRODUCTS_DIR; };
		6746B1A5282170EA00E64070 /* WeatherClosetApp.swift */ = {isa = PBXFileReference; lastKnownFileType = sourcecode.swift; path = WeatherClosetApp.swift; sourceTree = "<group>"; };
		6746B1A7282170EA00E64070 /* ContentView.swift */ = {isa = PBXFileReference; lastKnownFileType = sourcecode.swift; path = ContentView.swift; sourceTree = "<group>"; };
		6746B1A9282170EB00E64070 /* Assets.xcassets */ = {isa = PBXFileReference; lastKnownFileType = folder.assetcatalog; path = Assets.xcassets; sourceTree = "<group>"; };
		6746B1AC282170EB00E64070 /* Preview Assets.xcassets */ = {isa = PBXFileReference; lastKnownFileType = folder.assetcatalog; path = "Preview Assets.xcassets"; sourceTree = "<group>"; };
		67673DFF28377A5B002CCF5F /* Model.swift */ = {isa = PBXFileReference; lastKnownFileType = sourcecode.swift; path = Model.swift; sourceTree = "<group>"; };
		67673E01283895AF002CCF5F /* Network.swift */ = {isa = PBXFileReference; lastKnownFileType = sourcecode.swift; path = Network.swift; sourceTree = "<group>"; };
/* End PBXFileReference section */

/* Begin PBXFrameworksBuildPhase section */
		6746B19F282170EA00E64070 /* Frameworks */ = {
			isa = PBXFrameworksBuildPhase;
			buildActionMask = 2147483647;
			files = (
			);
			runOnlyForDeploymentPostprocessing = 0;
		};
/* End PBXFrameworksBuildPhase section */

/* Begin PBXGroup section */
		6712E4152838AF6800E543B2 /* View */ = {
			isa = PBXGroup;
			children = (
				6746B1A7282170EA00E64070 /* ContentView.swift */,
				6712E41A2838B55900E543B2 /* LoadingView.swift */,
				6712E4162838AF8C00E543B2 /* CurrentWeatherView.swift */,
				6712E4182838AFF700E543B2 /* FivedaysWeatherView.swift */,
			);
			path = View;
			sourceTree = "<group>";
		};
		6746B199282170E900E64070 = {
			isa = PBXGroup;
			children = (
				6746B1A4282170EA00E64070 /* WeatherCloset */,
				6746B1A3282170EA00E64070 /* Products */,
			);
			sourceTree = "<group>";
		};
		6746B1A3282170EA00E64070 /* Products */ = {
			isa = PBXGroup;
			children = (
				6746B1A2282170EA00E64070 /* WeatherCloset.app */,
			);
			name = Products;
			sourceTree = "<group>";
		};
		6746B1A4282170EA00E64070 /* WeatherCloset */ = {
			isa = PBXGroup;
			children = (
				67673E01283895AF002CCF5F /* Network.swift */,
				67673DFF28377A5B002CCF5F /* Model.swift */,
				6712E4152838AF6800E543B2 /* View */,
				6746B1A5282170EA00E64070 /* WeatherClosetApp.swift */,
				6746B1A9282170EB00E64070 /* Assets.xcassets */,
				6746B1AB282170EB00E64070 /* Preview Content */,
			);
			path = WeatherCloset;
			sourceTree = "<group>";
		};
		6746B1AB282170EB00E64070 /* Preview Content */ = {
			isa = PBXGroup;
			children = (
				6746B1AC282170EB00E64070 /* Preview Assets.xcassets */,
			);
			path = "Preview Content";
			sourceTree = "<group>";
		};
/* End PBXGroup section */

/* Begin PBXNativeTarget section */
		6746B1A1282170EA00E64070 /* WeatherCloset */ = {
			isa = PBXNativeTarget;
			buildConfigurationList = 6746B1B0282170EB00E64070 /* Build configuration list for PBXNativeTarget "WeatherCloset" */;
			buildPhases = (
				6746B19E282170EA00E64070 /* Sources */,
				6746B19F282170EA00E64070 /* Frameworks */,
				6746B1A0282170EA00E64070 /* Resources */,
			);
			buildRules = (
			);
			dependencies = (
			);
			name = WeatherCloset;
			productName = WeatherCloset;
			productReference = 6746B1A2282170EA00E64070 /* WeatherCloset.app */;
			productType = "com.apple.product-type.application";
		};
/* End PBXNativeTarget section */

/* Begin PBXProject section */
		6746B19A282170EA00E64070 /* Project object */ = {
			isa = PBXProject;
			attributes = {
				BuildIndependentTargetsInParallel = 1;
				LastSwiftUpdateCheck = 1330;
				LastUpgradeCheck = 1330;
				TargetAttributes = {
					6746B1A1282170EA00E64070 = {
						CreatedOnToolsVersion = 13.3;
					};
				};
			};
			buildConfigurationList = 6746B19D282170EA00E64070 /* Build configuration list for PBXProject "WeatherCloset" */;
			compatibilityVersion = "Xcode 13.0";
			developmentRegion = en;
			hasScannedForEncodings = 0;
			knownRegions = (
				en,
				Base,
			);
			mainGroup = 6746B199282170E900E64070;
			productRefGroup = 6746B1A3282170EA00E64070 /* Products */;
			projectDirPath = "";
			projectRoot = "";
			targets = (
				6746B1A1282170EA00E64070 /* WeatherCloset */,
			);
		};
/* End PBXProject section */

/* Begin PBXResourcesBuildPhase section */
		6746B1A0282170EA00E64070 /* Resources */ = {
			isa = PBXResourcesBuildPhase;
			buildActionMask = 2147483647;
			files = (
				6746B1AD282170EB00E64070 /* Preview Assets.xcassets in Resources */,
				6746B1AA282170EB00E64070 /* Assets.xcassets in Resources */,
			);
			runOnlyForDeploymentPostprocessing = 0;
		};
/* End PBXResourcesBuildPhase section */

/* Begin PBXSourcesBuildPhase section */
		6746B19E282170EA00E64070 /* Sources */ = {
			isa = PBXSourcesBuildPhase;
			buildActionMask = 2147483647;
			files = (
				67673E0028377A5B002CCF5F /* Model.swift in Sources */,
				6712E4192838AFF700E543B2 /* FivedaysWeatherView.swift in Sources */,
				6712E4172838AF8C00E543B2 /* CurrentWeatherView.swift in Sources */,
				6746B1A8282170EA00E64070 /* ContentView.swift in Sources */,
				67673E02283895AF002CCF5F /* Network.swift in Sources */,
				6712E41B2838B55900E543B2 /* LoadingView.swift in Sources */,
				6746B1A6282170EA00E64070 /* WeatherClosetApp.swift in Sources */,
			);
			runOnlyForDeploymentPostprocessing = 0;
		};
/* End PBXSourcesBuildPhase section */

/* Begin XCBuildConfiguration section */
		6746B1AE282170EB00E64070 /* Debug */ = {
			isa = XCBuildConfiguration;
			buildSettings = {
				ALWAYS_SEARCH_USER_PATHS = NO;
				CLANG_ANALYZER_NONNULL = YES;
				CLANG_ANALYZER_NUMBER_OBJECT_CONVERSION = YES_AGGRESSIVE;
				CLANG_CXX_LANGUAGE_STANDARD = "gnu++17";
				CLANG_ENABLE_MODULES = YES;
				CLANG_ENABLE_OBJC_ARC = YES;
				CLANG_ENABLE_OBJC_WEAK = YES;
				CLANG_WARN_BLOCK_CAPTURE_AUTORELEASING = YES;
				CLANG_WARN_BOOL_CONVERSION = YES;
				CLANG_WARN_COMMA = YES;
				CLANG_WARN_CONSTANT_CONVERSION = YES;
				CLANG_WARN_DEPRECATED_OBJC_IMPLEMENTATIONS = YES;
				CLANG_WARN_DIRECT_OBJC_ISA_USAGE = YES_ERROR;
				CLANG_WARN_DOCUMENTATION_COMMENTS = YES;
				CLANG_WARN_EMPTY_BODY = YES;
				CLANG_WARN_ENUM_CONVERSION = YES;
				CLANG_WARN_INFINITE_RECURSION = YES;
				CLANG_WARN_INT_CONVERSION = YES;
				CLANG_WARN_NON_LITERAL_NULL_CONVERSION = YES;
				CLANG_WARN_OBJC_IMPLICIT_RETAIN_SELF = YES;
				CLANG_WARN_OBJC_LITERAL_CONVERSION = YES;
				CLANG_WARN_OBJC_ROOT_CLASS = YES_ERROR;
				CLANG_WARN_QUOTED_INCLUDE_IN_FRAMEWORK_HEADER = YES;
				CLANG_WARN_RANGE_LOOP_ANALYSIS = YES;
				CLANG_WARN_STRICT_PROTOTYPES = YES;
				CLANG_WARN_SUSPICIOUS_MOVE = YES;
				CLANG_WARN_UNGUARDED_AVAILABILITY = YES_AGGRESSIVE;
				CLANG_WARN_UNREACHABLE_CODE = YES;
				CLANG_WARN__DUPLICATE_METHOD_MATCH = YES;
				COPY_PHASE_STRIP = NO;
				DEBUG_INFORMATION_FORMAT = dwarf;
				ENABLE_STRICT_OBJC_MSGSEND = YES;
				ENABLE_TESTABILITY = YES;
				GCC_C_LANGUAGE_STANDARD = gnu11;
				GCC_DYNAMIC_NO_PIC = NO;
				GCC_NO_COMMON_BLOCKS = YES;
				GCC_OPTIMIZATION_LEVEL = 0;
				GCC_PREPROCESSOR_DEFINITIONS = (
					"DEBUG=1",
					"$(inherited)",
				);
				GCC_WARN_64_TO_32_BIT_CONVERSION = YES;
				GCC_WARN_ABOUT_RETURN_TYPE = YES_ERROR;
				GCC_WARN_UNDECLARED_SELECTOR = YES;
				GCC_WARN_UNINITIALIZED_AUTOS = YES_AGGRESSIVE;
				GCC_WARN_UNUSED_FUNCTION = YES;
				GCC_WARN_UNUSED_VARIABLE = YES;
				IPHONEOS_DEPLOYMENT_TARGET = 15.4;
				MTL_ENABLE_DEBUG_INFO = INCLUDE_SOURCE;
				MTL_FAST_MATH = YES;
				ONLY_ACTIVE_ARCH = YES;
				SDKROOT = iphoneos;
				SWIFT_ACTIVE_COMPILATION_CONDITIONS = DEBUG;
				SWIFT_OPTIMIZATION_LEVEL = "-Onone";
			};
			name = Debug;
		};
		6746B1AF282170EB00E64070 /* Release */ = {
			isa = XCBuildConfiguration;
			buildSettings = {
				ALWAYS_SEARCH_USER_PATHS = NO;
				CLANG_ANALYZER_NONNULL = YES;
				CLANG_ANALYZER_NUMBER_OBJECT_CONVERSION = YES_AGGRESSIVE;
				CLANG_CXX_LANGUAGE_STANDARD = "gnu++17";
				CLANG_ENABLE_MODULES = YES;
				CLANG_ENABLE_OBJC_ARC = YES;
				CLANG_ENABLE_OBJC_WEAK = YES;
				CLANG_WARN_BLOCK_CAPTURE_AUTORELEASING = YES;
				CLANG_WARN_BOOL_CONVERSION = YES;
				CLANG_WARN_COMMA = YES;
				CLANG_WARN_CONSTANT_CONVERSION = YES;
				CLANG_WARN_DEPRECATED_OBJC_IMPLEMENTATIONS = YES;
				CLANG_WARN_DIRECT_OBJC_ISA_USAGE = YES_ERROR;
				CLANG_WARN_DOCUMENTATION_COMMENTS = YES;
				CLANG_WARN_EMPTY_BODY = YES;
				CLANG_WARN_ENUM_CONVERSION = YES;
				CLANG_WARN_INFINITE_RECURSION = YES;
				CLANG_WARN_INT_CONVERSION = YES;
				CLANG_WARN_NON_LITERAL_NULL_CONVERSION = YES;
				CLANG_WARN_OBJC_IMPLICIT_RETAIN_SELF = YES;
				CLANG_WARN_OBJC_LITERAL_CONVERSION = YES;
				CLANG_WARN_OBJC_ROOT_CLASS = YES_ERROR;
				CLANG_WARN_QUOTED_INCLUDE_IN_FRAMEWORK_HEADER = YES;
				CLANG_WARN_RANGE_LOOP_ANALYSIS = YES;
				CLANG_WARN_STRICT_PROTOTYPES = YES;
				CLANG_WARN_SUSPICIOUS_MOVE = YES;
				CLANG_WARN_UNGUARDED_AVAILABILITY = YES_AGGRESSIVE;
				CLANG_WARN_UNREACHABLE_CODE = YES;
				CLANG_WARN__DUPLICATE_METHOD_MATCH = YES;
				COPY_PHASE_STRIP = NO;
				DEBUG_INFORMATION_FORMAT = "dwarf-with-dsym";
				ENABLE_NS_ASSERTIONS = NO;
				ENABLE_STRICT_OBJC_MSGSEND = YES;
				GCC_C_LANGUAGE_STANDARD = gnu11;
				GCC_NO_COMMON_BLOCKS = YES;
				GCC_WARN_64_TO_32_BIT_CONVERSION = YES;
				GCC_WARN_ABOUT_RETURN_TYPE = YES_ERROR;
				GCC_WARN_UNDECLARED_SELECTOR = YES;
				GCC_WARN_UNINITIALIZED_AUTOS = YES_AGGRESSIVE;
				GCC_WARN_UNUSED_FUNCTION = YES;
				GCC_WARN_UNUSED_VARIABLE = YES;
				IPHONEOS_DEPLOYMENT_TARGET = 15.4;
				MTL_ENABLE_DEBUG_INFO = NO;
				MTL_FAST_MATH = YES;
				SDKROOT = iphoneos;
				SWIFT_COMPILATION_MODE = wholemodule;
				SWIFT_OPTIMIZATION_LEVEL = "-O";
				VALIDATE_PRODUCT = YES;
			};
			name = Release;
		};
		6746B1B1282170EB00E64070 /* Debug */ = {
			isa = XCBuildConfiguration;
			buildSettings = {
				ASSETCATALOG_COMPILER_APPICON_NAME = AppIcon;
				ASSETCATALOG_COMPILER_GLOBAL_ACCENT_COLOR_NAME = AccentColor;
				CODE_SIGN_STYLE = Automatic;
				CURRENT_PROJECT_VERSION = 1;
				DEVELOPMENT_ASSET_PATHS = "\"WeatherCloset/Preview Content\"";
				DEVELOPMENT_TEAM = 8G9QJBS8AT;
				ENABLE_PREVIEWS = YES;
				GENERATE_INFOPLIST_FILE = YES;
				INFOPLIST_KEY_UIApplicationSceneManifest_Generation = YES;
				INFOPLIST_KEY_UIApplicationSupportsIndirectInputEvents = YES;
				INFOPLIST_KEY_UILaunchScreen_Generation = YES;
				INFOPLIST_KEY_UISupportedInterfaceOrientations_iPad = "UIInterfaceOrientationPortrait UIInterfaceOrientationPortraitUpsideDown UIInterfaceOrientationLandscapeLeft UIInterfaceOrientationLandscapeRight";
				INFOPLIST_KEY_UISupportedInterfaceOrientations_iPhone = "UIInterfaceOrientationPortrait UIInterfaceOrientationLandscapeLeft UIInterfaceOrientationLandscapeRight";
				LD_RUNPATH_SEARCH_PATHS = (
					"$(inherited)",
					"@executable_path/Frameworks",
				);
				MARKETING_VERSION = 1.0;
				PRODUCT_BUNDLE_IDENTIFIER = jooeun.WeatherCloset;
				PRODUCT_NAME = "$(TARGET_NAME)";
				SWIFT_EMIT_LOC_STRINGS = YES;
				SWIFT_VERSION = 5.0;
				TARGETED_DEVICE_FAMILY = "1,2";
			};
			name = Debug;
		};
		6746B1B2282170EB00E64070 /* Release */ = {
			isa = XCBuildConfiguration;
			buildSettings = {
				ASSETCATALOG_COMPILER_APPICON_NAME = AppIcon;
				ASSETCATALOG_COMPILER_GLOBAL_ACCENT_COLOR_NAME = AccentColor;
				CODE_SIGN_STYLE = Automatic;
				CURRENT_PROJECT_VERSION = 1;
				DEVELOPMENT_ASSET_PATHS = "\"WeatherCloset/Preview Content\"";
				DEVELOPMENT_TEAM = 8G9QJBS8AT;
				ENABLE_PREVIEWS = YES;
				GENERATE_INFOPLIST_FILE = YES;
				INFOPLIST_KEY_UIApplicationSceneManifest_Generation = YES;
				INFOPLIST_KEY_UIApplicationSupportsIndirectInputEvents = YES;
				INFOPLIST_KEY_UILaunchScreen_Generation = YES;
				INFOPLIST_KEY_UISupportedInterfaceOrientations_iPad = "UIInterfaceOrientationPortrait UIInterfaceOrientationPortraitUpsideDown UIInterfaceOrientationLandscapeLeft UIInterfaceOrientationLandscapeRight";
				INFOPLIST_KEY_UISupportedInterfaceOrientations_iPhone = "UIInterfaceOrientationPortrait UIInterfaceOrientationLandscapeLeft UIInterfaceOrientationLandscapeRight";
				LD_RUNPATH_SEARCH_PATHS = (
					"$(inherited)",
					"@executable_path/Frameworks",
				);
				MARKETING_VERSION = 1.0;
				PRODUCT_BUNDLE_IDENTIFIER = jooeun.WeatherCloset;
				PRODUCT_NAME = "$(TARGET_NAME)";
				SWIFT_EMIT_LOC_STRINGS = YES;
				SWIFT_VERSION = 5.0;
				TARGETED_DEVICE_FAMILY = "1,2";
			};
			name = Release;
		};
/* End XCBuildConfiguration section */

/* Begin XCConfigurationList section */
		6746B19D282170EA00E64070 /* Build configuration list for PBXProject "WeatherCloset" */ = {
			isa = XCConfigurationList;
			buildConfigurations = (
				6746B1AE282170EB00E64070 /* Debug */,
				6746B1AF282170EB00E64070 /* Release */,
			);
			defaultConfigurationIsVisible = 0;
			defaultConfigurationName = Release;
		};
		6746B1B0282170EB00E64070 /* Build configuration list for PBXNativeTarget "WeatherCloset" */ = {
			isa = XCConfigurationList;
			buildConfigurations = (
				6746B1B1282170EB00E64070 /* Debug */,
				6746B1B2282170EB00E64070 /* Release */,
			);
			defaultConfigurationIsVisible = 0;
			defaultConfigurationName = Release;
		};
/* End XCConfigurationList section */
	};
	rootObject = 6746B19A282170EA00E64070 /* Project object */;
}
